
Microsoft Visual Studio Solution File, Format Version 12.00
# Visual Studio Version 17
VisualStudioVersion = 17.14.36603.0 d17.14
MinimumVisualStudioVersion = 10.0.40219.1
Project("{FAE04EC0-301F-11D3-BF4B-00C04F79EFBC}") = "HelloDevOps", "HelloDevOps\HelloDevOps.csproj", "{279895EF-DB9A-4665-B760-1E49249057C4}"
EndProject
Project("{FAE04EC0-301F-11D3-BF4B-00C04F79EFBC}") = "TestProject2", "TestProject2\TestProject2.csproj", "{31D8A400-F6C1-413D-9F4B-46E711521900}"
EndProject
Global
	GlobalSection(SolutionConfigurationPlatforms) = preSolution
		Debug|Any CPU = Debug|Any CPU
		Release|Any CPU = Release|Any CPU
	EndGlobalSection
	GlobalSection(ProjectConfigurationPlatforms) = postSolution
		{279895EF-DB9A-4665-B760-1E49249057C4}.Debug|Any CPU.ActiveCfg = Debug|Any CPU
		{279895EF-DB9A-4665-B760-1E49249057C4}.Debug|Any CPU.Build.0 = Debug|Any CPU
		{279895EF-DB9A-4665-B760-1E49249057C4}.Release|Any CPU.ActiveCfg = Release|Any CPU
		{279895EF-DB9A-4665-B760-1E49249057C4}.Release|Any CPU.Build.0 = Release|Any CPU
		{31D8A400-F6C1-413D-9F4B-46E711521900}.Debug|Any CPU.ActiveCfg = Debug|Any CPU
		{31D8A400-F6C1-413D-9F4B-46E711521900}.Debug|Any CPU.Build.0 = Debug|Any CPU
		{31D8A400-F6C1-413D-9F4B-46E711521900}.Release|Any CPU.ActiveCfg = Release|Any CPU
		{31D8A400-F6C1-413D-9F4B-46E711521900}.Release|Any CPU.Build.0 = Release|Any CPU
	EndGlobalSection
	GlobalSection(SolutionProperties) = preSolution
		HideSolutionNode = FALSE
	EndGlobalSection
	GlobalSection(ExtensibilityGlobals) = postSolution
		SolutionGuid = {6ADA2F81-1869-4CC0-9724-E3B014452878}
	EndGlobalSection
EndGlobal
